
Microsoft Visual Studio Solution File, Format Version 12.00
# Visual Studio Version 18
VisualStudioVersion = 18.5.11723.231 stable
MinimumVisualStudioVersion = 10.0.40219.1
Project("{FAE04EC0-301F-11D3-BF4B-00C04F79EFBC}") = "AlphaRazor", "AlphaRazor.csproj", "{607F94B0-F763-33E0-6797-12B488A7055E}"
EndProject
Global
	GlobalSection(SolutionConfigurationPlatforms) = preSolution
		Debug|Any CPU = Debug|Any CPU
		Release|Any CPU = Release|Any CPU
	EndGlobalSection
	GlobalSection(ProjectConfigurationPlatforms) = postSolution
		{607F94B0-F763-33E0-6797-12B488A7055E}.Debug|Any CPU.ActiveCfg = Debug|Any CPU
		{607F94B0-F763-33E0-6797-12B488A7055E}.Debug|Any CPU.Build.0 = Debug|Any CPU
		{607F94B0-F763-33E0-6797-12B488A7055E}.Release|Any CPU.ActiveCfg = Release|Any CPU
		{607F94B0-F763-33E0-6797-12B488A7055E}.Release|Any CPU.Build.0 = Release|Any CPU
	EndGlobalSection
	GlobalSection(SolutionProperties) = preSolution
		HideSolutionNode = FALSE
	EndGlobalSection
	GlobalSection(ExtensibilityGlobals) = postSolution
		SolutionGuid = {E45540A5-3BF0-49CC-9AC3-DD2CB40A1F52}
	EndGlobalSection
EndGlobal
